// !$*UTF8*$!
{
	archiveVersion = 1;
	classes = {
	};
	objectVersion = 46;
	objects = {

/* Begin PBXBuildFile section */
		A45FB2E81B04875A00114556 /* AppDelegate.swift in Sources */ = {isa = PBXBuildFile; fileRef = A45FB2E71B04875A00114556 /* AppDelegate.swift */; };
		A45FB2EA1B04875A00114556 /* ViewController.swift in Sources */ = {isa = PBXBuildFile; fileRef = A45FB2E91B04875A00114556 /* ViewController.swift */; };
		A45FB2ED1B04875A00114556 /* Main.storyboard in Resources */ = {isa = PBXBuildFile; fileRef = A45FB2EB1B04875A00114556 /* Main.storyboard */; };
		A45FB2EF1B04875A00114556 /* Images.xcassets in Resources */ = {isa = PBXBuildFile; fileRef = A45FB2EE1B04875A00114556 /* Images.xcassets */; };
		A45FB2F21B04875A00114556 /* LaunchScreen.xib in Resources */ = {isa = PBXBuildFile; fileRef = A45FB2F01B04875A00114556 /* LaunchScreen.xib */; };
		A45FB2FE1B04875A00114556 /* ChineseZodiacTests.swift in Sources */ = {isa = PBXBuildFile; fileRef = A45FB2FD1B04875A00114556 /* ChineseZodiacTests.swift */; };
/* End PBXBuildFile section */

/* Begin PBXContainerItemProxy section */
		A45FB2F81B04875A00114556 /* PBXContainerItemProxy */ = {
			isa = PBXContainerItemProxy;
			containerPortal = A45FB2DA1B04875A00114556 /* Project object */;
			proxyType = 1;
			remoteGlobalIDString = A45FB2E11B04875A00114556;
			remoteInfo = ChineseZodiac;
		};
/* End PBXContainerItemProxy section */

/* Begin PBXFileReference section */
		A45FB2E21B04875A00114556 /* ChineseZodiac.app */ = {isa = PBXFileReference; explicitFileType = wrapper.application; includeInIndex = 0; path = ChineseZodiac.app; sourceTree = BUILT_PRODUCTS_DIR; };
		A45FB2E61B04875A00114556 /* Info.plist */ = {isa = PBXFileReference; lastKnownFileType = text.plist.xml; path = Info.plist; sourceTree = "<group>"; };
		A45FB2E71B04875A00114556 /* AppDelegate.swift */ = {isa = PBXFileReference; lastKnownFileType = sourcecode.swift; path = AppDelegate.swift; sourceTree = "<group>"; };
		A45FB2E91B04875A00114556 /* ViewController.swift */ = {isa = PBXFileReference; lastKnownFileType = sourcecode.swift; path = ViewController.swift; sourceTree = "<group>"; };
		A45FB2EC1B04875A00114556 /* Base */ = {isa = PBXFileReference; lastKnownFileType = file.storyboard; name = Base; path = Base.lproj/Main.storyboard; sourceTree = "<group>"; };
		A45FB2EE1B04875A00114556 /* Images.xcassets */ = {isa = PBXFileReference; lastKnownFileType = folder.assetcatalog; path = Images.xcassets; sourceTree = "<group>"; };
		A45FB2F11B04875A00114556 /* Base */ = {isa = PBXFileReference; lastKnownFileType = file.xib; name = Base; path = Base.lproj/LaunchScreen.xib; sourceTree = "<group>"; };
		A45FB2F71B04875A00114556 /* ChineseZodiacTests.xctest */ = {isa = PBXFileReference; explicitFileType = wrapper.cfbundle; includeInIndex = 0; path = ChineseZodiacTests.xctest; sourceTree = BUILT_PRODUCTS_DIR; };
		A45FB2FC1B04875A00114556 /* Info.plist */ = {isa = PBXFileReference; lastKnownFileType = text.plist.xml; path = Info.plist; sourceTree = "<group>"; };
		A45FB2FD1B04875A00114556 /* ChineseZodiacTests.swift */ = {isa = PBXFileReference; lastKnownFileType = sourcecode.swift; path = ChineseZodiacTests.swift; sourceTree = "<group>"; };
/* End PBXFileReference section */

/* Begin PBXFrameworksBuildPhase section */
		A45FB2DF1B04875A00114556 /* Frameworks */ = {
			isa = PBXFrameworksBuildPhase;
			buildActionMask = 2147483647;
			files = (
			);
			runOnlyForDeploymentPostprocessing = 0;
		};
		A45FB2F41B04875A00114556 /* Frameworks */ = {
			isa = PBXFrameworksBuildPhase;
			buildActionMask = 2147483647;
			files = (
			);
			runOnlyForDeploymentPostprocessing = 0;
		};
/* End PBXFrameworksBuildPhase section */

/* Begin PBXGroup section */
		A45FB2D91B04875A00114556 = {
			isa = PBXGroup;
			children = (
				A45FB2E41B04875A00114556 /* ChineseZodiac */,
				A45FB2FA1B04875A00114556 /* ChineseZodiacTests */,
				A45FB2E31B04875A00114556 /* Products */,
			);
			sourceTree = "<group>";
		};
		A45FB2E31B04875A00114556 /* Products */ = {
			isa = PBXGroup;
			children = (
				A45FB2E21B04875A00114556 /* ChineseZodiac.app */,
				A45FB2F71B04875A00114556 /* ChineseZodiacTests.xctest */,
			);
			name = Products;
			sourceTree = "<group>";
		};
		A45FB2E41B04875A00114556 /* ChineseZodiac */ = {
			isa = PBXGroup;
			children = (
				A45FB2E71B04875A00114556 /* AppDelegate.swift */,
				A45FB2E91B04875A00114556 /* ViewController.swift */,
				A45FB2EB1B04875A00114556 /* Main.storyboard */,
				A45FB2EE1B04875A00114556 /* Images.xcassets */,
				A45FB2F01B04875A00114556 /* LaunchScreen.xib */,
				A45FB2E51B04875A00114556 /* Supporting Files */,
			);
			path = ChineseZodiac;
			sourceTree = "<group>";
		};
		A45FB2E51B04875A00114556 /* Supporting Files */ = {
			isa = PBXGroup;
			children = (
				A45FB2E61B04875A00114556 /* Info.plist */,
			);
			name = "Supporting Files";
			sourceTree = "<group>";
		};
		A45FB2FA1B04875A00114556 /* ChineseZodiacTests */ = {
			isa = PBXGroup;
			children = (
				A45FB2FD1B04875A00114556 /* ChineseZodiacTests.swift */,
				A45FB2FB1B04875A00114556 /* Supporting Files */,
			);
			path = ChineseZodiacTests;
			sourceTree = "<group>";
		};
		A45FB2FB1B04875A00114556 /* Supporting Files */ = {
			isa = PBXGroup;
			children = (
				A45FB2FC1B04875A00114556 /* Info.plist */,
			);
			name = "Supporting Files";
			sourceTree = "<group>";
		};
/* End PBXGroup section */

/* Begin PBXNativeTarget section */
		A45FB2E11B04875A00114556 /* ChineseZodiac */ = {
			isa = PBXNativeTarget;
			buildConfigurationList = A45FB3011B04875A00114556 /* Build configuration list for PBXNativeTarget "ChineseZodiac" */;
			buildPhases = (
				A45FB2DE1B04875A00114556 /* Sources */,
				A45FB2DF1B04875A00114556 /* Frameworks */,
				A45FB2E01B04875A00114556 /* Resources */,
			);
			buildRules = (
			);
			dependencies = (
			);
			name = ChineseZodiac;
			productName = ChineseZodiac;
			productReference = A45FB2E21B04875A00114556 /* ChineseZodiac.app */;
			productType = "com.apple.product-type.application";
		};
		A45FB2F61B04875A00114556 /* ChineseZodiacTests */ = {
			isa = PBXNativeTarget;
			buildConfigurationList = A45FB3041B04875A00114556 /* Build configuration list for PBXNativeTarget "ChineseZodiacTests" */;
			buildPhases = (
				A45FB2F31B04875A00114556 /* Sources */,
				A45FB2F41B04875A00114556 /* Frameworks */,
				A45FB2F51B04875A00114556 /* Resources */,
			);
			buildRules = (
			);
			dependencies = (
				A45FB2F91B04875A00114556 /* PBXTargetDependency */,
			);
			name = ChineseZodiacTests;
			productName = ChineseZodiacTests;
			productReference = A45FB2F71B04875A00114556 /* ChineseZodiacTests.xctest */;
			productType = "com.apple.product-type.bundle.unit-test";
		};
/* End PBXNativeTarget section */

/* Begin PBXProject section */
		A45FB2DA1B04875A00114556 /* Project object */ = {
			isa = PBXProject;
			attributes = {
				LastUpgradeCheck = 0630;
				ORGANIZATIONNAME = pandazheng;
				TargetAttributes = {
					A45FB2E11B04875A00114556 = {
						CreatedOnToolsVersion = 6.3.1;
					};
					A45FB2F61B04875A00114556 = {
						CreatedOnToolsVersion = 6.3.1;
						TestTargetID = A45FB2E11B04875A00114556;
					};
				};
			};
			buildConfigurationList = A45FB2DD1B04875A00114556 /* Build configuration list for PBXProject "ChineseZodiac" */;
			compatibilityVersion = "Xcode 3.2";
			developmentRegion = English;
			hasScannedForEncodings = 0;
			knownRegions = (
				en,
				Base,
			);
			mainGroup = A45FB2D91B04875A00114556;
			productRefGroup = A45FB2E31B04875A00114556 /* Products */;
			projectDirPath = "";
			projectRoot = "";
			targets = (
				A45FB2E11B04875A00114556 /* ChineseZodiac */,
				A45FB2F61B04875A00114556 /* ChineseZodiacTests */,
			);
		};
/* End PBXProject section */

/* Begin PBXResourcesBuildPhase section */
		A45FB2E01B04875A00114556 /* Resources */ = {
			isa = PBXResourcesBuildPhase;
			buildActionMask = 2147483647;
			files = (
				A45FB2ED1B04875A00114556 /* Main.storyboard in Resources */,
				A45FB2F21B04875A00114556 /* LaunchScreen.xib in Resources */,
				A45FB2EF1B04875A00114556 /* Images.xcassets in Resources */,
			);
			runOnlyForDeploymentPostprocessing = 0;
		};
		A45FB2F51B04875A00114556 /* Resources */ = {
			isa = PBXResourcesBuildPhase;
			buildActionMask = 2147483647;
			files = (
			);
			runOnlyForDeploymentPostprocessing = 0;
		};
/* End PBXResourcesBuildPhase section */

/* Begin PBXSourcesBuildPhase section */
		A45FB2DE1B04875A00114556 /* Sources */ = {
			isa = PBXSourcesBuildPhase;
			buildActionMask = 2147483647;
			files = (
				A45FB2EA1B04875A00114556 /* ViewController.swift in Sources */,
				A45FB2E81B04875A00114556 /* AppDelegate.swift in Sources */,
			);
			runOnlyForDeploymentPostprocessing = 0;
		};
		A45FB2F31B04875A00114556 /* Sources */ = {
			isa = PBXSourcesBuildPhase;
			buildActionMask = 2147483647;
			files = (
				A45FB2FE1B04875A00114556 /* ChineseZodiacTests.swift in Sources */,
			);
			runOnlyForDeploymentPostprocessing = 0;
		};
/* End PBXSourcesBuildPhase section */

/* Begin PBXTargetDependency section */
		A45FB2F91B04875A00114556 /* PBXTargetDependency */ = {
			isa = PBXTargetDependency;
			target = A45FB2E11B04875A00114556 /* ChineseZodiac */;
			targetProxy = A45FB2F81B04875A00114556 /* PBXContainerItemProxy */;
		};
/* End PBXTargetDependency section */

/* Begin PBXVariantGroup section */
		A45FB2EB1B04875A00114556 /* Main.storyboard */ = {
			isa = PBXVariantGroup;
			children = (
				A45FB2EC1B04875A00114556 /* Base */,
			);
			name = Main.storyboard;
			sourceTree = "<group>";
		};
		A45FB2F01B04875A00114556 /* LaunchScreen.xib */ = {
			isa = PBXVariantGroup;
			children = (
				A45FB2F11B04875A00114556 /* Base */,
			);
			name = LaunchScreen.xib;
			sourceTree = "<group>";
		};
/* End PBXVariantGroup section */

/* Begin XCBuildConfiguration section */
		A45FB2FF1B04875A00114556 /* Debug */ = {
			isa = XCBuildConfiguration;
			buildSettings = {
				ALWAYS_SEARCH_USER_PATHS = NO;
				CLANG_CXX_LANGUAGE_STANDARD = "gnu++0x";
				CLANG_CXX_LIBRARY = "libc++";
				CLANG_ENABLE_MODULES = YES;
				CLANG_ENABLE_OBJC_ARC = YES;
				CLANG_WARN_BOOL_CONVERSION = YES;
				CLANG_WARN_CONSTANT_CONVERSION = YES;
				CLANG_WARN_DIRECT_OBJC_ISA_USAGE = YES_ERROR;
				CLANG_WARN_EMPTY_BODY = YES;
				CLANG_WARN_ENUM_CONVERSION = YES;
				CLANG_WARN_INT_CONVERSION = YES;
				CLANG_WARN_OBJC_ROOT_CLASS = YES_ERROR;
				CLANG_WARN_UNREACHABLE_CODE = YES;
				CLANG_WARN__DUPLICATE_METHOD_MATCH = YES;
				"CODE_SIGN_IDENTITY[sdk=iphoneos*]" = "iPhone Developer";
				COPY_PHASE_STRIP = NO;
				DEBUG_INFORMATION_FORMAT = "dwarf-with-dsym";
				ENABLE_STRICT_OBJC_MSGSEND = YES;
				GCC_C_LANGUAGE_STANDARD = gnu99;
				GCC_DYNAMIC_NO_PIC = NO;
				GCC_NO_COMMON_BLOCKS = YES;
				GCC_OPTIMIZATION_LEVEL = 0;
				GCC_PREPROCESSOR_DEFINITIONS = (
					"DEBUG=1",
					"$(inherited)",
				);
				GCC_SYMBOLS_PRIVATE_EXTERN = NO;
				GCC_WARN_64_TO_32_BIT_CONVERSION = YES;
				GCC_WARN_ABOUT_RETURN_TYPE = YES_ERROR;
				GCC_WARN_UNDECLARED_SELECTOR = YES;
				GCC_WARN_UNINITIALIZED_AUTOS = YES_AGGRESSIVE;
				GCC_WARN_UNUSED_FUNCTION = YES;
				GCC_WARN_UNUSED_VARIABLE = YES;
				IPHONEOS_DEPLOYMENT_TARGET = 8.3;
				MTL_ENABLE_DEBUG_INFO = YES;
				ONLY_ACTIVE_ARCH = YES;
				SDKROOT = iphoneos;
				SWIFT_OPTIMIZATION_LEVEL = "-Onone";
				TARGETED_DEVICE_FAMILY = "1,2";
			};
			name = Debug;
		};
		A45FB3001B04875A00114556 /* Release */ = {
			isa = XCBuildConfiguration;
			buildSettings = {
				ALWAYS_SEARCH_USER_PATHS = NO;
				CLANG_CXX_LANGUAGE_STANDARD = "gnu++0x";
				CLANG_CXX_LIBRARY = "libc++";
				CLANG_ENABLE_MODULES = YES;
				CLANG_ENABLE_OBJC_ARC = YES;
				CLANG_WARN_BOOL_CONVERSION = YES;
				CLANG_WARN_CONSTANT_CONVERSION = YES;
				CLANG_WARN_DIRECT_OBJC_ISA_USAGE = YES_ERROR;
				CLANG_WARN_EMPTY_BODY = YES;
				CLANG_WARN_ENUM_CONVERSION = YES;
				CLANG_WARN_INT_CONVERSION = YES;
				CLANG_WARN_OBJC_ROOT_CLASS = YES_ERROR;
				CLANG_WARN_UNREACHABLE_CODE = YES;
				CLANG_WARN__DUPLICATE_METHOD_MATCH = YES;
				"CODE_SIGN_IDENTITY[sdk=iphoneos*]" = "iPhone Developer";
				COPY_PHASE_STRIP = NO;
				DEBUG_INFORMATION_FORMAT = "dwarf-with-dsym";
				ENABLE_NS_ASSERTIONS = NO;
				ENABLE_STRICT_OBJC_MSGSEND = YES;
				GCC_C_LANGUAGE_STANDARD = gnu99;
				GCC_NO_COMMON_BLOCKS = YES;
				GCC_WARN_64_TO_32_BIT_CONVERSION = YES;
				GCC_WARN_ABOUT_RETURN_TYPE = YES_ERROR;
				GCC_WARN_UNDECLARED_SELECTOR = YES;
				GCC_WARN_UNINITIALIZED_AUTOS = YES_AGGRESSIVE;
				GCC_WARN_UNUSED_FUNCTION = YES;
				GCC_WARN_UNUSED_VARIABLE = YES;
				IPHONEOS_DEPLOYMENT_TARGET = 8.3;
				MTL_ENABLE_DEBUG_INFO = NO;
				SDKROOT = iphoneos;
				TARGETED_DEVICE_FAMILY = "1,2";
				VALIDATE_PRODUCT = YES;
			};
			name = Release;
		};
		A45FB3021B04875A00114556 /* Debug */ = {
			isa = XCBuildConfiguration;
			buildSettings = {
				ASSETCATALOG_COMPILER_APPICON_NAME = AppIcon;
				INFOPLIST_FILE = ChineseZodiac/Info.plist;
				LD_RUNPATH_SEARCH_PATHS = "$(inherited) @executable_path/Frameworks";
				PRODUCT_NAME = "$(TARGET_NAME)";
			};
			name = Debug;
		};
		A45FB3031B04875A00114556 /* Release */ = {
			isa = XCBuildConfiguration;
			buildSettings = {
				ASSETCATALOG_COMPILER_APPICON_NAME = AppIcon;
				INFOPLIST_FILE = ChineseZodiac/Info.plist;
				LD_RUNPATH_SEARCH_PATHS = "$(inherited) @executable_path/Frameworks";
				PRODUCT_NAME = "$(TARGET_NAME)";
			};
			name = Release;
		};
		A45FB3051B04875A00114556 /* Debug */ = {
			isa = XCBuildConfiguration;
			buildSettings = {
				BUNDLE_LOADER = "$(TEST_HOST)";
				FRAMEWORK_SEARCH_PATHS = (
					"$(SDKROOT)/Developer/Library/Frameworks",
					"$(inherited)",
				);
				GCC_PREPROCESSOR_DEFINITIONS = (
					"DEBUG=1",
					"$(inherited)",
				);
				INFOPLIST_FILE = ChineseZodiacTests/Info.plist;
				LD_RUNPATH_SEARCH_PATHS = "$(inherited) @executable_path/Frameworks @loader_path/Frameworks";
				PRODUCT_NAME = "$(TARGET_NAME)";
				TEST_HOST = "$(BUILT_PRODUCTS_DIR)/ChineseZodiac.app/ChineseZodiac";
			};
			name = Debug;
		};
		A45FB3061B04875A00114556 /* Release */ = {
			isa = XCBuildConfiguration;
			buildSettings = {
				BUNDLE_LOADER = "$(TEST_HOST)";
				FRAMEWORK_SEARCH_PATHS = (
					"$(SDKROOT)/Developer/Library/Frameworks",
					"$(inherited)",
				);
				INFOPLIST_FILE = ChineseZodiacTests/Info.plist;
				LD_RUNPATH_SEARCH_PATHS = "$(inherited) @executable_path/Frameworks @loader_path/Frameworks";
				PRODUCT_NAME = "$(TARGET_NAME)";
				TEST_HOST = "$(BUILT_PRODUCTS_DIR)/ChineseZodiac.app/ChineseZodiac";
			};
			name = Release;
		};
/* End XCBuildConfiguration section */

/* Begin XCConfigurationList section */
		A45FB2DD1B04875A00114556 /* Build configuration list for PBXProject "ChineseZodiac" */ = {
			isa = XCConfigurationList;
			buildConfigurations = (
				A45FB2FF1B04875A00114556 /* Debug */,
				A45FB3001B04875A00114556 /* Release */,
			);
			defaultConfigurationIsVisible = 0;
			defaultConfigurationName = Release;
		};
		A45FB3011B04875A00114556 /* Build configuration list for PBXNativeTarget "ChineseZodiac" */ = {
			isa = XCConfigurationList;
			buildConfigurations = (
				A45FB3021B04875A00114556 /* Debug */,
				A45FB3031B04875A00114556 /* Release */,
			);
			defaultConfigurationIsVisible = 0;
		};
		A45FB3041B04875A00114556 /* Build configuration list for PBXNativeTarget "ChineseZodiacTests" */ = {
			isa = XCConfigurationList;
			buildConfigurations = (
				A45FB3051B04875A00114556 /* Debug */,
				A45FB3061B04875A00114556 /* Release */,
			);
			defaultConfigurationIsVisible = 0;
		};
/* End XCConfigurationList section */
	};
	rootObject = A45FB2DA1B04875A00114556 /* Project object */;
}
